
Microsoft Visual Studio Solution File, Format Version 12.00
# Visual Studio Version 17
VisualStudioVersion = 17.6.33723.286
MinimumVisualStudioVersion = 10.0.40219.1
Project("{FAE04EC0-301F-11D3-BF4B-00C04F79EFBC}") = "SukailoCSharpLab2", "SukailoCSharpLab2\SukailoCSharpLab2.csproj", "{9F93BC2F-18B5-4A7C-8F03-1181D1986351}"
EndProject
Global
	GlobalSection(SolutionConfigurationPlatforms) = preSolution
		Debug|Any CPU = Debug|Any CPU
		Release|Any CPU = Release|Any CPU
	EndGlobalSection
	GlobalSection(ProjectConfigurationPlatforms) = postSolution
		{9F93BC2F-18B5-4A7C-8F03-1181D1986351}.Debug|Any CPU.ActiveCfg = Debug|Any CPU
		{9F93BC2F-18B5-4A7C-8F03-1181D1986351}.Debug|Any CPU.Build.0 = Debug|Any CPU
		{9F93BC2F-18B5-4A7C-8F03-1181D1986351}.Release|Any CPU.ActiveCfg = Release|Any CPU
		{9F93BC2F-18B5-4A7C-8F03-1181D1986351}.Release|Any CPU.Build.0 = Release|Any CPU
	EndGlobalSection
	GlobalSection(SolutionProperties) = preSolution
		HideSolutionNode = FALSE
	EndGlobalSection
	GlobalSection(ExtensibilityGlobals) = postSolution
		SolutionGuid = {3CB5092E-775D-4872-A44A-EA33A5B09C5C}
	EndGlobalSection
EndGlobal
